
Microsoft Visual Studio Solution File, Format Version 12.00
# Visual Studio Version 16
VisualStudioVersion = 16.0.29709.97
MinimumVisualStudioVersion = 10.0.40219.1
Project("{9A19103F-16F7-4668-BE54-9A1E7A4F7556}") = "SlackLogger", "SlackLogger\SlackLogger.csproj", "{87DA2724-0F46-4E2E-82E3-0696D39F9664}"
EndProject
Project("{FAE04EC0-301F-11D3-BF4B-00C04F79EFBC}") = "SlackLoggerTest", "SlackLoggerTest\SlackLoggerTest.csproj", "{589C447F-A664-4A40-85F3-41BC9F29B0F3}"
EndProject
Global
	GlobalSection(SolutionConfigurationPlatforms) = preSolution
		Debug|Any CPU = Debug|Any CPU
		Release|Any CPU = Release|Any CPU
	EndGlobalSection
	GlobalSection(ProjectConfigurationPlatforms) = postSolution
		{87DA2724-0F46-4E2E-82E3-0696D39F9664}.Debug|Any CPU.ActiveCfg = Debug|Any CPU
		{87DA2724-0F46-4E2E-82E3-0696D39F9664}.Debug|Any CPU.Build.0 = Debug|Any CPU
		{87DA2724-0F46-4E2E-82E3-0696D39F9664}.Release|Any CPU.ActiveCfg = Release|Any CPU
		{87DA2724-0F46-4E2E-82E3-0696D39F9664}.Release|Any CPU.Build.0 = Release|Any CPU
		{589C447F-A664-4A40-85F3-41BC9F29B0F3}.Debug|Any CPU.ActiveCfg = Debug|Any CPU
		{589C447F-A664-4A40-85F3-41BC9F29B0F3}.Debug|Any CPU.Build.0 = Debug|Any CPU
		{589C447F-A664-4A40-85F3-41BC9F29B0F3}.Release|Any CPU.ActiveCfg = Release|Any CPU
		{589C447F-A664-4A40-85F3-41BC9F29B0F3}.Release|Any CPU.Build.0 = Release|Any CPU
	EndGlobalSection
	GlobalSection(SolutionProperties) = preSolution
		HideSolutionNode = FALSE
	EndGlobalSection
	GlobalSection(ExtensibilityGlobals) = postSolution
		SolutionGuid = {F2A85C54-5923-4FFF-81B2-825EF1DD3F8C}
	EndGlobalSection
EndGlobal
